
Microsoft Visual Studio Solution File, Format Version 12.00
# Visual Studio 15
VisualStudioVersion = 15.0.26730.16
MinimumVisualStudioVersion = 10.0.40219.1
Project("{FAE04EC0-301F-11D3-BF4B-00C04F79EFBC}") = "crousseau2_College_Strike", "crousseau2_College_Strike\crousseau2_College_Strike.csproj", "{501E9CDA-E99D-4566-B287-8E6550753467}"
EndProject
Global
	GlobalSection(SolutionConfigurationPlatforms) = preSolution
		Debug|Any CPU = Debug|Any CPU
		Release|Any CPU = Release|Any CPU
	EndGlobalSection
	GlobalSection(ProjectConfigurationPlatforms) = postSolution
		{501E9CDA-E99D-4566-B287-8E6550753467}.Debug|Any CPU.ActiveCfg = Debug|Any CPU
		{501E9CDA-E99D-4566-B287-8E6550753467}.Debug|Any CPU.Build.0 = Debug|Any CPU
		{501E9CDA-E99D-4566-B287-8E6550753467}.Release|Any CPU.ActiveCfg = Release|Any CPU
		{501E9CDA-E99D-4566-B287-8E6550753467}.Release|Any CPU.Build.0 = Release|Any CPU
	EndGlobalSection
	GlobalSection(SolutionProperties) = preSolution
		HideSolutionNode = FALSE
	EndGlobalSection
	GlobalSection(ExtensibilityGlobals) = postSolution
		SolutionGuid = {D9AD6F05-1C21-4A01-B3F6-509CB39FE0EB}
	EndGlobalSection
EndGlobal
